// !$*UTF8*$!
{
	archiveVersion = 1;
	classes = {
	};
	objectVersion = 50;
	objects = {

/* Begin PBXBuildFile section */
		1EFFFA23254977E30052BC34 /* ConfettiAppApp.swift in Sources */ = {isa = PBXBuildFile; fileRef = 1EFFFA22254977E30052BC34 /* ConfettiAppApp.swift */; };
		1EFFFA25254977E30052BC34 /* ContentView.swift in Sources */ = {isa = PBXBuildFile; fileRef = 1EFFFA24254977E30052BC34 /* ContentView.swift */; };
		1EFFFA27254977E60052BC34 /* Assets.xcassets in Resources */ = {isa = PBXBuildFile; fileRef = 1EFFFA26254977E60052BC34 /* Assets.xcassets */; };
		1EFFFA2A254977E60052BC34 /* Preview Assets.xcassets in Resources */ = {isa = PBXBuildFile; fileRef = 1EFFFA29254977E60052BC34 /* Preview Assets.xcassets */; };
		1EFFFA33254977FD0052BC34 /* ConfettiAnimation.swift in Sources */ = {isa = PBXBuildFile; fileRef = 1EFFFA32254977FD0052BC34 /* ConfettiAnimation.swift */; };
/* End PBXBuildFile section */

/* Begin PBXFileReference section */
		1EFFFA1F254977E30052BC34 /* ConfettiApp.app */ = {isa = PBXFileReference; explicitFileType = wrapper.application; includeInIndex = 0; path = ConfettiApp.app; sourceTree = BUILT_PRODUCTS_DIR; };
		1EFFFA22254977E30052BC34 /* ConfettiAppApp.swift */ = {isa = PBXFileReference; lastKnownFileType = sourcecode.swift; path = ConfettiAppApp.swift; sourceTree = "<group>"; };
		1EFFFA24254977E30052BC34 /* ContentView.swift */ = {isa = PBXFileReference; lastKnownFileType = sourcecode.swift; path = ContentView.swift; sourceTree = "<group>"; };
		1EFFFA26254977E60052BC34 /* Assets.xcassets */ = {isa = PBXFileReference; lastKnownFileType = folder.assetcatalog; path = Assets.xcassets; sourceTree = "<group>"; };
		1EFFFA29254977E60052BC34 /* Preview Assets.xcassets */ = {isa = PBXFileReference; lastKnownFileType = folder.assetcatalog; path = "Preview Assets.xcassets"; sourceTree = "<group>"; };
		1EFFFA2B254977E60052BC34 /* Info.plist */ = {isa = PBXFileReference; lastKnownFileType = text.plist.xml; path = Info.plist; sourceTree = "<group>"; };
		1EFFFA32254977FD0052BC34 /* ConfettiAnimation.swift */ = {isa = PBXFileReference; lastKnownFileType = sourcecode.swift; path = ConfettiAnimation.swift; sourceTree = "<group>"; };
/* End PBXFileReference section */

/* Begin PBXFrameworksBuildPhase section */
		1EFFFA1C254977E30052BC34 /* Frameworks */ = {
			isa = PBXFrameworksBuildPhase;
			buildActionMask = 2147483647;
			files = (
			);
			runOnlyForDeploymentPostprocessing = 0;
		};
/* End PBXFrameworksBuildPhase section */

/* Begin PBXGroup section */
		1EFFFA16254977E30052BC34 = {
			isa = PBXGroup;
			children = (
				1EFFFA21254977E30052BC34 /* ConfettiApp */,
				1EFFFA20254977E30052BC34 /* Products */,
			);
			sourceTree = "<group>";
		};
		1EFFFA20254977E30052BC34 /* Products */ = {
			isa = PBXGroup;
			children = (
				1EFFFA1F254977E30052BC34 /* ConfettiApp.app */,
			);
			name = Products;
			sourceTree = "<group>";
		};
		1EFFFA21254977E30052BC34 /* ConfettiApp */ = {
			isa = PBXGroup;
			children = (
				1EFFFA22254977E30052BC34 /* ConfettiAppApp.swift */,
				1EFFFA24254977E30052BC34 /* ContentView.swift */,
				1EFFFA26254977E60052BC34 /* Assets.xcassets */,
				1EFFFA2B254977E60052BC34 /* Info.plist */,
				1EFFFA28254977E60052BC34 /* Preview Content */,
				1EFFFA32254977FD0052BC34 /* ConfettiAnimation.swift */,
			);
			path = ConfettiApp;
			sourceTree = "<group>";
		};
		1EFFFA28254977E60052BC34 /* Preview Content */ = {
			isa = PBXGroup;
			children = (
				1EFFFA29254977E60052BC34 /* Preview Assets.xcassets */,
			);
			path = "Preview Content";
			sourceTree = "<group>";
		};
/* End PBXGroup section */

/* Begin PBXNativeTarget section */
		1EFFFA1E254977E30052BC34 /* ConfettiApp */ = {
			isa = PBXNativeTarget;
			buildConfigurationList = 1EFFFA2E254977E60052BC34 /* Build configuration list for PBXNativeTarget "ConfettiApp" */;
			buildPhases = (
				1EFFFA1B254977E30052BC34 /* Sources */,
				1EFFFA1C254977E30052BC34 /* Frameworks */,
				1EFFFA1D254977E30052BC34 /* Resources */,
			);
			buildRules = (
			);
			dependencies = (
			);
			name = ConfettiApp;
			productName = ConfettiApp;
			productReference = 1EFFFA1F254977E30052BC34 /* ConfettiApp.app */;
			productType = "com.apple.product-type.application";
		};
/* End PBXNativeTarget section */

/* Begin PBXProject section */
		1EFFFA17254977E30052BC34 /* Project object */ = {
			isa = PBXProject;
			attributes = {
				LastSwiftUpdateCheck = 1210;
				LastUpgradeCheck = 1210;
				TargetAttributes = {
					1EFFFA1E254977E30052BC34 = {
						CreatedOnToolsVersion = 12.1;
					};
				};
			};
			buildConfigurationList = 1EFFFA1A254977E30052BC34 /* Build configuration list for PBXProject "ConfettiApp" */;
			compatibilityVersion = "Xcode 9.3";
			developmentRegion = en;
			hasScannedForEncodings = 0;
			knownRegions = (
				en,
				Base,
			);
			mainGroup = 1EFFFA16254977E30052BC34;
			productRefGroup = 1EFFFA20254977E30052BC34 /* Products */;
			projectDirPath = "";
			projectRoot = "";
			targets = (
				1EFFFA1E254977E30052BC34 /* ConfettiApp */,
			);
		};
/* End PBXProject section */

/* Begin PBXResourcesBuildPhase section */
		1EFFFA1D254977E30052BC34 /* Resources */ = {
			isa = PBXResourcesBuildPhase;
			buildActionMask = 2147483647;
			files = (
				1EFFFA2A254977E60052BC34 /* Preview Assets.xcassets in Resources */,
				1EFFFA27254977E60052BC34 /* Assets.xcassets in Resources */,
			);
			runOnlyForDeploymentPostprocessing = 0;
		};
/* End PBXResourcesBuildPhase section */

/* Begin PBXSourcesBuildPhase section */
		1EFFFA1B254977E30052BC34 /* Sources */ = {
			isa = PBXSourcesBuildPhase;
			buildActionMask = 2147483647;
			files = (
				1EFFFA25254977E30052BC34 /* ContentView.swift in Sources */,
				1EFFFA23254977E30052BC34 /* ConfettiAppApp.swift in Sources */,
				1EFFFA33254977FD0052BC34 /* ConfettiAnimation.swift in Sources */,
			);
			runOnlyForDeploymentPostprocessing = 0;
		};
/* End PBXSourcesBuildPhase section */

/* Begin XCBuildConfiguration section */
		1EFFFA2C254977E60052BC34 /* Debug */ = {
			isa = XCBuildConfiguration;
			buildSettings = {
				ALWAYS_SEARCH_USER_PATHS = NO;
				CLANG_ANALYZER_NONNULL = YES;
				CLANG_ANALYZER_NUMBER_OBJECT_CONVERSION = YES_AGGRESSIVE;
				CLANG_CXX_LANGUAGE_STANDARD = "gnu++14";
				CLANG_CXX_LIBRARY = "libc++";
				CLANG_ENABLE_MODULES = YES;
				CLANG_ENABLE_OBJC_ARC = YES;
				CLANG_ENABLE_OBJC_WEAK = YES;
				CLANG_WARN_BLOCK_CAPTURE_AUTORELEASING = YES;
				CLANG_WARN_BOOL_CONVERSION = YES;
				CLANG_WARN_COMMA = YES;
				CLANG_WARN_CONSTANT_CONVERSION = YES;
				CLANG_WARN_DEPRECATED_OBJC_IMPLEMENTATIONS = YES;
				CLANG_WARN_DIRECT_OBJC_ISA_USAGE = YES_ERROR;
				CLANG_WARN_DOCUMENTATION_COMMENTS = YES;
				CLANG_WARN_EMPTY_BODY = YES;
				CLANG_WARN_ENUM_CONVERSION = YES;
				CLANG_WARN_INFINITE_RECURSION = YES;
				CLANG_WARN_INT_CONVERSION = YES;
				CLANG_WARN_NON_LITERAL_NULL_CONVERSION = YES;
				CLANG_WARN_OBJC_IMPLICIT_RETAIN_SELF = YES;
				CLANG_WARN_OBJC_LITERAL_CONVERSION = YES;
				CLANG_WARN_OBJC_ROOT_CLASS = YES_ERROR;
				CLANG_WARN_QUOTED_INCLUDE_IN_FRAMEWORK_HEADER = YES;
				CLANG_WARN_RANGE_LOOP_ANALYSIS = YES;
				CLANG_WARN_STRICT_PROTOTYPES = YES;
				CLANG_WARN_SUSPICIOUS_MOVE = YES;
				CLANG_WARN_UNGUARDED_AVAILABILITY = YES_AGGRESSIVE;
				CLANG_WARN_UNREACHABLE_CODE = YES;
				CLANG_WARN__DUPLICATE_METHOD_MATCH = YES;
				COPY_PHASE_STRIP = NO;
				DEBUG_INFORMATION_FORMAT = dwarf;
				ENABLE_STRICT_OBJC_MSGSEND = YES;
				ENABLE_TESTABILITY = YES;
				GCC_C_LANGUAGE_STANDARD = gnu11;
				GCC_DYNAMIC_NO_PIC = NO;
				GCC_NO_COMMON_BLOCKS = YES;
				GCC_OPTIMIZATION_LEVEL = 0;
				GCC_PREPROCESSOR_DEFINITIONS = (
					"DEBUG=1",
					"$(inherited)",
				);
				GCC_WARN_64_TO_32_BIT_CONVERSION = YES;
				GCC_WARN_ABOUT_RETURN_TYPE = YES_ERROR;
				GCC_WARN_UNDECLARED_SELECTOR = YES;
				GCC_WARN_UNINITIALIZED_AUTOS = YES_AGGRESSIVE;
				GCC_WARN_UNUSED_FUNCTION = YES;
				GCC_WARN_UNUSED_VARIABLE = YES;
				IPHONEOS_DEPLOYMENT_TARGET = 14.1;
				MTL_ENABLE_DEBUG_INFO = INCLUDE_SOURCE;
				MTL_FAST_MATH = YES;
				ONLY_ACTIVE_ARCH = YES;
				SDKROOT = iphoneos;
				SWIFT_ACTIVE_COMPILATION_CONDITIONS = DEBUG;
				SWIFT_OPTIMIZATION_LEVEL = "-Onone";
			};
			name = Debug;
		};
		1EFFFA2D254977E60052BC34 /* Release */ = {
			isa = XCBuildConfiguration;
			buildSettings = {
				ALWAYS_SEARCH_USER_PATHS = NO;
				CLANG_ANALYZER_NONNULL = YES;
				CLANG_ANALYZER_NUMBER_OBJECT_CONVERSION = YES_AGGRESSIVE;
				CLANG_CXX_LANGUAGE_STANDARD = "gnu++14";
				CLANG_CXX_LIBRARY = "libc++";
				CLANG_ENABLE_MODULES = YES;
				CLANG_ENABLE_OBJC_ARC = YES;
				CLANG_ENABLE_OBJC_WEAK = YES;
				CLANG_WARN_BLOCK_CAPTURE_AUTORELEASING = YES;
				CLANG_WARN_BOOL_CONVERSION = YES;
				CLANG_WARN_COMMA = YES;
				CLANG_WARN_CONSTANT_CONVERSION = YES;
				CLANG_WARN_DEPRECATED_OBJC_IMPLEMENTATIONS = YES;
				CLANG_WARN_DIRECT_OBJC_ISA_USAGE = YES_ERROR;
				CLANG_WARN_DOCUMENTATION_COMMENTS = YES;
				CLANG_WARN_EMPTY_BODY = YES;
				CLANG_WARN_ENUM_CONVERSION = YES;
				CLANG_WARN_INFINITE_RECURSION = YES;
				CLANG_WARN_INT_CONVERSION = YES;
				CLANG_WARN_NON_LITERAL_NULL_CONVERSION = YES;
				CLANG_WARN_OBJC_IMPLICIT_RETAIN_SELF = YES;
				CLANG_WARN_OBJC_LITERAL_CONVERSION = YES;
				CLANG_WARN_OBJC_ROOT_CLASS = YES_ERROR;
				CLANG_WARN_QUOTED_INCLUDE_IN_FRAMEWORK_HEADER = YES;
				CLANG_WARN_RANGE_LOOP_ANALYSIS = YES;
				CLANG_WARN_STRICT_PROTOTYPES = YES;
				CLANG_WARN_SUSPICIOUS_MOVE = YES;
				CLANG_WARN_UNGUARDED_AVAILABILITY = YES_AGGRESSIVE;
				CLANG_WARN_UNREACHABLE_CODE = YES;
				CLANG_WARN__DUPLICATE_METHOD_MATCH = YES;
				COPY_PHASE_STRIP = NO;
				DEBUG_INFORMATION_FORMAT = "dwarf-with-dsym";
				ENABLE_NS_ASSERTIONS = NO;
				ENABLE_STRICT_OBJC_MSGSEND = YES;
				GCC_C_LANGUAGE_STANDARD = gnu11;
				GCC_NO_COMMON_BLOCKS = YES;
				GCC_WARN_64_TO_32_BIT_CONVERSION = YES;
				GCC_WARN_ABOUT_RETURN_TYPE = YES_ERROR;
				GCC_WARN_UNDECLARED_SELECTOR = YES;
				GCC_WARN_UNINITIALIZED_AUTOS = YES_AGGRESSIVE;
				GCC_WARN_UNUSED_FUNCTION = YES;
				GCC_WARN_UNUSED_VARIABLE = YES;
				IPHONEOS_DEPLOYMENT_TARGET = 14.1;
				MTL_ENABLE_DEBUG_INFO = NO;
				MTL_FAST_MATH = YES;
				SDKROOT = iphoneos;
				SWIFT_COMPILATION_MODE = wholemodule;
				SWIFT_OPTIMIZATION_LEVEL = "-O";
				VALIDATE_PRODUCT = YES;
			};
			name = Release;
		};
		1EFFFA2F254977E60052BC34 /* Debug */ = {
			isa = XCBuildConfiguration;
			buildSettings = {
				ASSETCATALOG_COMPILER_APPICON_NAME = AppIcon;
				ASSETCATALOG_COMPILER_GLOBAL_ACCENT_COLOR_NAME = AccentColor;
				CODE_SIGN_STYLE = Automatic;
				DEVELOPMENT_ASSET_PATHS = "\"ConfettiApp/Preview Content\"";
				DEVELOPMENT_TEAM = ZQDPVPQ343;
				ENABLE_PREVIEWS = YES;
				INFOPLIST_FILE = ConfettiApp/Info.plist;
				IPHONEOS_DEPLOYMENT_TARGET = 14.0;
				LD_RUNPATH_SEARCH_PATHS = (
					"$(inherited)",
					"@executable_path/Frameworks",
				);
				PRODUCT_BUNDLE_IDENTIFIER = code.josavicente.ConfettiApp;
				PRODUCT_NAME = "$(TARGET_NAME)";
				SWIFT_VERSION = 5.0;
				TARGETED_DEVICE_FAMILY = "1,2";
			};
			name = Debug;
		};
		1EFFFA30254977E60052BC34 /* Release */ = {
			isa = XCBuildConfiguration;
			buildSettings = {
				ASSETCATALOG_COMPILER_APPICON_NAME = AppIcon;
				ASSETCATALOG_COMPILER_GLOBAL_ACCENT_COLOR_NAME = AccentColor;
				CODE_SIGN_STYLE = Automatic;
				DEVELOPMENT_ASSET_PATHS = "\"ConfettiApp/Preview Content\"";
				DEVELOPMENT_TEAM = ZQDPVPQ343;
				ENABLE_PREVIEWS = YES;
				INFOPLIST_FILE = ConfettiApp/Info.plist;
				IPHONEOS_DEPLOYMENT_TARGET = 14.0;
				LD_RUNPATH_SEARCH_PATHS = (
					"$(inherited)",
					"@executable_path/Frameworks",
				);
				PRODUCT_BUNDLE_IDENTIFIER = code.josavicente.ConfettiApp;
				PRODUCT_NAME = "$(TARGET_NAME)";
				SWIFT_VERSION = 5.0;
				TARGETED_DEVICE_FAMILY = "1,2";
			};
			name = Release;
		};
/* End XCBuildConfiguration section */

/* Begin XCConfigurationList section */
		1EFFFA1A254977E30052BC34 /* Build configuration list for PBXProject "ConfettiApp" */ = {
			isa = XCConfigurationList;
			buildConfigurations = (
				1EFFFA2C254977E60052BC34 /* Debug */,
				1EFFFA2D254977E60052BC34 /* Release */,
			);
			defaultConfigurationIsVisible = 0;
			defaultConfigurationName = Release;
		};
		1EFFFA2E254977E60052BC34 /* Build configuration list for PBXNativeTarget "ConfettiApp" */ = {
			isa = XCConfigurationList;
			buildConfigurations = (
				1EFFFA2F254977E60052BC34 /* Debug */,
				1EFFFA30254977E60052BC34 /* Release */,
			);
			defaultConfigurationIsVisible = 0;
			defaultConfigurationName = Release;
		};
/* End XCConfigurationList section */
	};
	rootObject = 1EFFFA17254977E30052BC34 /* Project object */;
}
